
Microsoft Visual Studio Solution File, Format Version 12.00
# Visual Studio Version 17
VisualStudioVersion = 17.8.34330.188
MinimumVisualStudioVersion = 10.0.40219.1
Project("{FAE04EC0-301F-11D3-BF4B-00C04F79EFBC}") = "RestaurantBooking", "RestaurantBooking\RestaurantBooking.csproj", "{8D3AB544-856D-4265-8C1B-029E2E2382DA}"
EndProject
Global
	GlobalSection(SolutionConfigurationPlatforms) = preSolution
		Debug|Any CPU = Debug|Any CPU
		Release|Any CPU = Release|Any CPU
	EndGlobalSection
	GlobalSection(ProjectConfigurationPlatforms) = postSolution
		{8D3AB544-856D-4265-8C1B-029E2E2382DA}.Debug|Any CPU.ActiveCfg = Debug|Any CPU
		{8D3AB544-856D-4265-8C1B-029E2E2382DA}.Debug|Any CPU.Build.0 = Debug|Any CPU
		{8D3AB544-856D-4265-8C1B-029E2E2382DA}.Release|Any CPU.ActiveCfg = Release|Any CPU
		{8D3AB544-856D-4265-8C1B-029E2E2382DA}.Release|Any CPU.Build.0 = Release|Any CPU
	EndGlobalSection
	GlobalSection(SolutionProperties) = preSolution
		HideSolutionNode = FALSE
	EndGlobalSection
	GlobalSection(ExtensibilityGlobals) = postSolution
		SolutionGuid = {5D116D4A-DEAC-4B7A-BF45-E77F4B46C96B}
	EndGlobalSection
EndGlobal
